// !$*UTF8*$!
{
	archiveVersion = 1;
	classes = {
	};
	objectVersion = 46;
	objects = {

/* Begin PBXBuildFile section */
		B396570E1D6AF3390014E1B2 /* AppDelegate.swift in Sources */ = {isa = PBXBuildFile; fileRef = B396570D1D6AF3390014E1B2 /* AppDelegate.swift */; };
		B39657101D6AF3390014E1B2 /* ViewController.swift in Sources */ = {isa = PBXBuildFile; fileRef = B396570F1D6AF3390014E1B2 /* ViewController.swift */; };
		B39657131D6AF3390014E1B2 /* Main.storyboard in Resources */ = {isa = PBXBuildFile; fileRef = B39657111D6AF3390014E1B2 /* Main.storyboard */; };
		B39657151D6AF3390014E1B2 /* Assets.xcassets in Resources */ = {isa = PBXBuildFile; fileRef = B39657141D6AF3390014E1B2 /* Assets.xcassets */; };
		B39657181D6AF3390014E1B2 /* LaunchScreen.storyboard in Resources */ = {isa = PBXBuildFile; fileRef = B39657161D6AF3390014E1B2 /* LaunchScreen.storyboard */; };
		B39657231D6AF3390014E1B2 /* UniPagerHeaderControllerTests.swift in Sources */ = {isa = PBXBuildFile; fileRef = B39657221D6AF3390014E1B2 /* UniPagerHeaderControllerTests.swift */; };
		B396572E1D6AF3390014E1B2 /* UniPagerHeaderControllerUITests.swift in Sources */ = {isa = PBXBuildFile; fileRef = B396572D1D6AF3390014E1B2 /* UniPagerHeaderControllerUITests.swift */; };
		B396573D1D6AF5B60014E1B2 /* UniHeaderToolPanel.swift in Sources */ = {isa = PBXBuildFile; fileRef = B396573C1D6AF5B60014E1B2 /* UniHeaderToolPanel.swift */; };
		B396573F1D6AF5C30014E1B2 /* UniHeaderToolPanel.xib in Resources */ = {isa = PBXBuildFile; fileRef = B396573E1D6AF5C30014E1B2 /* UniHeaderToolPanel.xib */; };
		B39657451D6B05590014E1B2 /* CSStickyHeaderFlowLayout.m in Sources */ = {isa = PBXBuildFile; fileRef = B39657421D6B05590014E1B2 /* CSStickyHeaderFlowLayout.m */; };
		B39657461D6B05590014E1B2 /* CSStickyHeaderFlowLayoutAttributes.m in Sources */ = {isa = PBXBuildFile; fileRef = B39657441D6B05590014E1B2 /* CSStickyHeaderFlowLayoutAttributes.m */; };
/* End PBXBuildFile section */

/* Begin PBXContainerItemProxy section */
		B396571F1D6AF3390014E1B2 /* PBXContainerItemProxy */ = {
			isa = PBXContainerItemProxy;
			containerPortal = B39657021D6AF3390014E1B2 /* Project object */;
			proxyType = 1;
			remoteGlobalIDString = B39657091D6AF3390014E1B2;
			remoteInfo = UniPagerHeaderController;
		};
		B396572A1D6AF3390014E1B2 /* PBXContainerItemProxy */ = {
			isa = PBXContainerItemProxy;
			containerPortal = B39657021D6AF3390014E1B2 /* Project object */;
			proxyType = 1;
			remoteGlobalIDString = B39657091D6AF3390014E1B2;
			remoteInfo = UniPagerHeaderController;
		};
/* End PBXContainerItemProxy section */

/* Begin PBXFileReference section */
		B396570A1D6AF3390014E1B2 /* UniPagerHeaderController.app */ = {isa = PBXFileReference; explicitFileType = wrapper.application; includeInIndex = 0; path = UniPagerHeaderController.app; sourceTree = BUILT_PRODUCTS_DIR; };
		B396570D1D6AF3390014E1B2 /* AppDelegate.swift */ = {isa = PBXFileReference; lastKnownFileType = sourcecode.swift; path = AppDelegate.swift; sourceTree = "<group>"; };
		B396570F1D6AF3390014E1B2 /* ViewController.swift */ = {isa = PBXFileReference; lastKnownFileType = sourcecode.swift; path = ViewController.swift; sourceTree = "<group>"; };
		B39657121D6AF3390014E1B2 /* Base */ = {isa = PBXFileReference; lastKnownFileType = file.storyboard; name = Base; path = Base.lproj/Main.storyboard; sourceTree = "<group>"; };
		B39657141D6AF3390014E1B2 /* Assets.xcassets */ = {isa = PBXFileReference; lastKnownFileType = folder.assetcatalog; path = Assets.xcassets; sourceTree = "<group>"; };
		B39657171D6AF3390014E1B2 /* Base */ = {isa = PBXFileReference; lastKnownFileType = file.storyboard; name = Base; path = Base.lproj/LaunchScreen.storyboard; sourceTree = "<group>"; };
		B39657191D6AF3390014E1B2 /* Info.plist */ = {isa = PBXFileReference; lastKnownFileType = text.plist.xml; path = Info.plist; sourceTree = "<group>"; };
		B396571E1D6AF3390014E1B2 /* UniPagerHeaderControllerTests.xctest */ = {isa = PBXFileReference; explicitFileType = wrapper.cfbundle; includeInIndex = 0; path = UniPagerHeaderControllerTests.xctest; sourceTree = BUILT_PRODUCTS_DIR; };
		B39657221D6AF3390014E1B2 /* UniPagerHeaderControllerTests.swift */ = {isa = PBXFileReference; lastKnownFileType = sourcecode.swift; path = UniPagerHeaderControllerTests.swift; sourceTree = "<group>"; };
		B39657241D6AF3390014E1B2 /* Info.plist */ = {isa = PBXFileReference; lastKnownFileType = text.plist.xml; path = Info.plist; sourceTree = "<group>"; };
		B39657291D6AF3390014E1B2 /* UniPagerHeaderControllerUITests.xctest */ = {isa = PBXFileReference; explicitFileType = wrapper.cfbundle; includeInIndex = 0; path = UniPagerHeaderControllerUITests.xctest; sourceTree = BUILT_PRODUCTS_DIR; };
		B396572D1D6AF3390014E1B2 /* UniPagerHeaderControllerUITests.swift */ = {isa = PBXFileReference; lastKnownFileType = sourcecode.swift; path = UniPagerHeaderControllerUITests.swift; sourceTree = "<group>"; };
		B396572F1D6AF3390014E1B2 /* Info.plist */ = {isa = PBXFileReference; lastKnownFileType = text.plist.xml; path = Info.plist; sourceTree = "<group>"; };
		B396573C1D6AF5B60014E1B2 /* UniHeaderToolPanel.swift */ = {isa = PBXFileReference; fileEncoding = 4; lastKnownFileType = sourcecode.swift; path = UniHeaderToolPanel.swift; sourceTree = "<group>"; };
		B396573E1D6AF5C30014E1B2 /* UniHeaderToolPanel.xib */ = {isa = PBXFileReference; fileEncoding = 4; lastKnownFileType = file.xib; path = UniHeaderToolPanel.xib; sourceTree = "<group>"; };
		B39657411D6B05590014E1B2 /* CSStickyHeaderFlowLayout.h */ = {isa = PBXFileReference; fileEncoding = 4; lastKnownFileType = sourcecode.c.h; path = CSStickyHeaderFlowLayout.h; sourceTree = "<group>"; };
		B39657421D6B05590014E1B2 /* CSStickyHeaderFlowLayout.m */ = {isa = PBXFileReference; fileEncoding = 4; lastKnownFileType = sourcecode.c.objc; path = CSStickyHeaderFlowLayout.m; sourceTree = "<group>"; };
		B39657431D6B05590014E1B2 /* CSStickyHeaderFlowLayoutAttributes.h */ = {isa = PBXFileReference; fileEncoding = 4; lastKnownFileType = sourcecode.c.h; path = CSStickyHeaderFlowLayoutAttributes.h; sourceTree = "<group>"; };
		B39657441D6B05590014E1B2 /* CSStickyHeaderFlowLayoutAttributes.m */ = {isa = PBXFileReference; fileEncoding = 4; lastKnownFileType = sourcecode.c.objc; path = CSStickyHeaderFlowLayoutAttributes.m; sourceTree = "<group>"; };
		B39657491D6B058C0014E1B2 /* swift-briding.h */ = {isa = PBXFileReference; lastKnownFileType = sourcecode.c.h; path = "swift-briding.h"; sourceTree = "<group>"; };
/* End PBXFileReference section */

/* Begin PBXFrameworksBuildPhase section */
		B39657071D6AF3390014E1B2 /* Frameworks */ = {
			isa = PBXFrameworksBuildPhase;
			buildActionMask = 2147483647;
			files = (
			);
			runOnlyForDeploymentPostprocessing = 0;
		};
		B396571B1D6AF3390014E1B2 /* Frameworks */ = {
			isa = PBXFrameworksBuildPhase;
			buildActionMask = 2147483647;
			files = (
			);
			runOnlyForDeploymentPostprocessing = 0;
		};
		B39657261D6AF3390014E1B2 /* Frameworks */ = {
			isa = PBXFrameworksBuildPhase;
			buildActionMask = 2147483647;
			files = (
			);
			runOnlyForDeploymentPostprocessing = 0;
		};
/* End PBXFrameworksBuildPhase section */

/* Begin PBXGroup section */
		B39657011D6AF3390014E1B2 = {
			isa = PBXGroup;
			children = (
				B396570C1D6AF3390014E1B2 /* UniPagerHeaderController */,
				B39657211D6AF3390014E1B2 /* UniPagerHeaderControllerTests */,
				B396572C1D6AF3390014E1B2 /* UniPagerHeaderControllerUITests */,
				B396570B1D6AF3390014E1B2 /* Products */,
			);
			sourceTree = "<group>";
		};
		B396570B1D6AF3390014E1B2 /* Products */ = {
			isa = PBXGroup;
			children = (
				B396570A1D6AF3390014E1B2 /* UniPagerHeaderController.app */,
				B396571E1D6AF3390014E1B2 /* UniPagerHeaderControllerTests.xctest */,
				B39657291D6AF3390014E1B2 /* UniPagerHeaderControllerUITests.xctest */,
			);
			name = Products;
			sourceTree = "<group>";
		};
		B396570C1D6AF3390014E1B2 /* UniPagerHeaderController */ = {
			isa = PBXGroup;
			children = (
				B396573B1D6AF5580014E1B2 /* Classes */,
				B396570D1D6AF3390014E1B2 /* AppDelegate.swift */,
				B396570F1D6AF3390014E1B2 /* ViewController.swift */,
				B39657111D6AF3390014E1B2 /* Main.storyboard */,
				B39657141D6AF3390014E1B2 /* Assets.xcassets */,
				B39657161D6AF3390014E1B2 /* LaunchScreen.storyboard */,
				B39657191D6AF3390014E1B2 /* Info.plist */,
				B39657491D6B058C0014E1B2 /* swift-briding.h */,
			);
			path = UniPagerHeaderController;
			sourceTree = "<group>";
		};
		B39657211D6AF3390014E1B2 /* UniPagerHeaderControllerTests */ = {
			isa = PBXGroup;
			children = (
				B39657221D6AF3390014E1B2 /* UniPagerHeaderControllerTests.swift */,
				B39657241D6AF3390014E1B2 /* Info.plist */,
			);
			path = UniPagerHeaderControllerTests;
			sourceTree = "<group>";
		};
		B396572C1D6AF3390014E1B2 /* UniPagerHeaderControllerUITests */ = {
			isa = PBXGroup;
			children = (
				B396572D1D6AF3390014E1B2 /* UniPagerHeaderControllerUITests.swift */,
				B396572F1D6AF3390014E1B2 /* Info.plist */,
			);
			path = UniPagerHeaderControllerUITests;
			sourceTree = "<group>";
		};
		B396573B1D6AF5580014E1B2 /* Classes */ = {
			isa = PBXGroup;
			children = (
				B39657401D6B05590014E1B2 /* CSSStickyHeaderFlowLayout */,
				B396573C1D6AF5B60014E1B2 /* UniHeaderToolPanel.swift */,
				B396573E1D6AF5C30014E1B2 /* UniHeaderToolPanel.xib */,
			);
			path = Classes;
			sourceTree = "<group>";
		};
		B39657401D6B05590014E1B2 /* CSSStickyHeaderFlowLayout */ = {
			isa = PBXGroup;
			children = (
				B39657411D6B05590014E1B2 /* CSStickyHeaderFlowLayout.h */,
				B39657421D6B05590014E1B2 /* CSStickyHeaderFlowLayout.m */,
				B39657431D6B05590014E1B2 /* CSStickyHeaderFlowLayoutAttributes.h */,
				B39657441D6B05590014E1B2 /* CSStickyHeaderFlowLayoutAttributes.m */,
			);
			path = CSSStickyHeaderFlowLayout;
			sourceTree = "<group>";
		};
/* End PBXGroup section */

/* Begin PBXNativeTarget section */
		B39657091D6AF3390014E1B2 /* UniPagerHeaderController */ = {
			isa = PBXNativeTarget;
			buildConfigurationList = B39657321D6AF3390014E1B2 /* Build configuration list for PBXNativeTarget "UniPagerHeaderController" */;
			buildPhases = (
				B39657061D6AF3390014E1B2 /* Sources */,
				B39657071D6AF3390014E1B2 /* Frameworks */,
				B39657081D6AF3390014E1B2 /* Resources */,
			);
			buildRules = (
			);
			dependencies = (
			);
			name = UniPagerHeaderController;
			productName = UniPagerHeaderController;
			productReference = B396570A1D6AF3390014E1B2 /* UniPagerHeaderController.app */;
			productType = "com.apple.product-type.application";
		};
		B396571D1D6AF3390014E1B2 /* UniPagerHeaderControllerTests */ = {
			isa = PBXNativeTarget;
			buildConfigurationList = B39657351D6AF3390014E1B2 /* Build configuration list for PBXNativeTarget "UniPagerHeaderControllerTests" */;
			buildPhases = (
				B396571A1D6AF3390014E1B2 /* Sources */,
				B396571B1D6AF3390014E1B2 /* Frameworks */,
				B396571C1D6AF3390014E1B2 /* Resources */,
			);
			buildRules = (
			);
			dependencies = (
				B39657201D6AF3390014E1B2 /* PBXTargetDependency */,
			);
			name = UniPagerHeaderControllerTests;
			productName = UniPagerHeaderControllerTests;
			productReference = B396571E1D6AF3390014E1B2 /* UniPagerHeaderControllerTests.xctest */;
			productType = "com.apple.product-type.bundle.unit-test";
		};
		B39657281D6AF3390014E1B2 /* UniPagerHeaderControllerUITests */ = {
			isa = PBXNativeTarget;
			buildConfigurationList = B39657381D6AF3390014E1B2 /* Build configuration list for PBXNativeTarget "UniPagerHeaderControllerUITests" */;
			buildPhases = (
				B39657251D6AF3390014E1B2 /* Sources */,
				B39657261D6AF3390014E1B2 /* Frameworks */,
				B39657271D6AF3390014E1B2 /* Resources */,
			);
			buildRules = (
			);
			dependencies = (
				B396572B1D6AF3390014E1B2 /* PBXTargetDependency */,
			);
			name = UniPagerHeaderControllerUITests;
			productName = UniPagerHeaderControllerUITests;
			productReference = B39657291D6AF3390014E1B2 /* UniPagerHeaderControllerUITests.xctest */;
			productType = "com.apple.product-type.bundle.ui-testing";
		};
/* End PBXNativeTarget section */

/* Begin PBXProject section */
		B39657021D6AF3390014E1B2 /* Project object */ = {
			isa = PBXProject;
			attributes = {
				LastSwiftUpdateCheck = 0730;
				LastUpgradeCheck = 0730;
				ORGANIZATIONNAME = Unigreen;
				TargetAttributes = {
					B39657091D6AF3390014E1B2 = {
						CreatedOnToolsVersion = 7.3.1;
					};
					B396571D1D6AF3390014E1B2 = {
						CreatedOnToolsVersion = 7.3.1;
						TestTargetID = B39657091D6AF3390014E1B2;
					};
					B39657281D6AF3390014E1B2 = {
						CreatedOnToolsVersion = 7.3.1;
						TestTargetID = B39657091D6AF3390014E1B2;
					};
				};
			};
			buildConfigurationList = B39657051D6AF3390014E1B2 /* Build configuration list for PBXProject "UniPagerHeaderController" */;
			compatibilityVersion = "Xcode 3.2";
			developmentRegion = English;
			hasScannedForEncodings = 0;
			knownRegions = (
				en,
				Base,
			);
			mainGroup = B39657011D6AF3390014E1B2;
			productRefGroup = B396570B1D6AF3390014E1B2 /* Products */;
			projectDirPath = "";
			projectRoot = "";
			targets = (
				B39657091D6AF3390014E1B2 /* UniPagerHeaderController */,
				B396571D1D6AF3390014E1B2 /* UniPagerHeaderControllerTests */,
				B39657281D6AF3390014E1B2 /* UniPagerHeaderControllerUITests */,
			);
		};
/* End PBXProject section */

/* Begin PBXResourcesBuildPhase section */
		B39657081D6AF3390014E1B2 /* Resources */ = {
			isa = PBXResourcesBuildPhase;
			buildActionMask = 2147483647;
			files = (
				B39657181D6AF3390014E1B2 /* LaunchScreen.storyboard in Resources */,
				B39657151D6AF3390014E1B2 /* Assets.xcassets in Resources */,
				B396573F1D6AF5C30014E1B2 /* UniHeaderToolPanel.xib in Resources */,
				B39657131D6AF3390014E1B2 /* Main.storyboard in Resources */,
			);
			runOnlyForDeploymentPostprocessing = 0;
		};
		B396571C1D6AF3390014E1B2 /* Resources */ = {
			isa = PBXResourcesBuildPhase;
			buildActionMask = 2147483647;
			files = (
			);
			runOnlyForDeploymentPostprocessing = 0;
		};
		B39657271D6AF3390014E1B2 /* Resources */ = {
			isa = PBXResourcesBuildPhase;
			buildActionMask = 2147483647;
			files = (
			);
			runOnlyForDeploymentPostprocessing = 0;
		};
/* End PBXResourcesBuildPhase section */

/* Begin PBXSourcesBuildPhase section */
		B39657061D6AF3390014E1B2 /* Sources */ = {
			isa = PBXSourcesBuildPhase;
			buildActionMask = 2147483647;
			files = (
				B39657101D6AF3390014E1B2 /* ViewController.swift in Sources */,
				B39657451D6B05590014E1B2 /* CSStickyHeaderFlowLayout.m in Sources */,
				B39657461D6B05590014E1B2 /* CSStickyHeaderFlowLayoutAttributes.m in Sources */,
				B396570E1D6AF3390014E1B2 /* AppDelegate.swift in Sources */,
				B396573D1D6AF5B60014E1B2 /* UniHeaderToolPanel.swift in Sources */,
			);
			runOnlyForDeploymentPostprocessing = 0;
		};
		B396571A1D6AF3390014E1B2 /* Sources */ = {
			isa = PBXSourcesBuildPhase;
			buildActionMask = 2147483647;
			files = (
				B39657231D6AF3390014E1B2 /* UniPagerHeaderControllerTests.swift in Sources */,
			);
			runOnlyForDeploymentPostprocessing = 0;
		};
		B39657251D6AF3390014E1B2 /* Sources */ = {
			isa = PBXSourcesBuildPhase;
			buildActionMask = 2147483647;
			files = (
				B396572E1D6AF3390014E1B2 /* UniPagerHeaderControllerUITests.swift in Sources */,
			);
			runOnlyForDeploymentPostprocessing = 0;
		};
/* End PBXSourcesBuildPhase section */

/* Begin PBXTargetDependency section */
		B39657201D6AF3390014E1B2 /* PBXTargetDependency */ = {
			isa = PBXTargetDependency;
			target = B39657091D6AF3390014E1B2 /* UniPagerHeaderController */;
			targetProxy = B396571F1D6AF3390014E1B2 /* PBXContainerItemProxy */;
		};
		B396572B1D6AF3390014E1B2 /* PBXTargetDependency */ = {
			isa = PBXTargetDependency;
			target = B39657091D6AF3390014E1B2 /* UniPagerHeaderController */;
			targetProxy = B396572A1D6AF3390014E1B2 /* PBXContainerItemProxy */;
		};
/* End PBXTargetDependency section */

/* Begin PBXVariantGroup section */
		B39657111D6AF3390014E1B2 /* Main.storyboard */ = {
			isa = PBXVariantGroup;
			children = (
				B39657121D6AF3390014E1B2 /* Base */,
			);
			name = Main.storyboard;
			sourceTree = "<group>";
		};
		B39657161D6AF3390014E1B2 /* LaunchScreen.storyboard */ = {
			isa = PBXVariantGroup;
			children = (
				B39657171D6AF3390014E1B2 /* Base */,
			);
			name = LaunchScreen.storyboard;
			sourceTree = "<group>";
		};
/* End PBXVariantGroup section */

/* Begin XCBuildConfiguration section */
		B39657301D6AF3390014E1B2 /* Debug */ = {
			isa = XCBuildConfiguration;
			buildSettings = {
				ALWAYS_SEARCH_USER_PATHS = NO;
				CLANG_ANALYZER_NONNULL = YES;
				CLANG_CXX_LANGUAGE_STANDARD = "gnu++0x";
				CLANG_CXX_LIBRARY = "libc++";
				CLANG_ENABLE_MODULES = YES;
				CLANG_ENABLE_OBJC_ARC = YES;
				CLANG_WARN_BOOL_CONVERSION = YES;
				CLANG_WARN_CONSTANT_CONVERSION = YES;
				CLANG_WARN_DIRECT_OBJC_ISA_USAGE = YES_ERROR;
				CLANG_WARN_EMPTY_BODY = YES;
				CLANG_WARN_ENUM_CONVERSION = YES;
				CLANG_WARN_INT_CONVERSION = YES;
				CLANG_WARN_OBJC_ROOT_CLASS = YES_ERROR;
				CLANG_WARN_UNREACHABLE_CODE = YES;
				CLANG_WARN__DUPLICATE_METHOD_MATCH = YES;
				"CODE_SIGN_IDENTITY[sdk=iphoneos*]" = "iPhone Developer";
				COPY_PHASE_STRIP = NO;
				DEBUG_INFORMATION_FORMAT = dwarf;
				ENABLE_STRICT_OBJC_MSGSEND = YES;
				ENABLE_TESTABILITY = YES;
				GCC_C_LANGUAGE_STANDARD = gnu99;
				GCC_DYNAMIC_NO_PIC = NO;
				GCC_NO_COMMON_BLOCKS = YES;
				GCC_OPTIMIZATION_LEVEL = 0;
				GCC_PREPROCESSOR_DEFINITIONS = (
					"DEBUG=1",
					"$(inherited)",
				);
				GCC_WARN_64_TO_32_BIT_CONVERSION = YES;
				GCC_WARN_ABOUT_RETURN_TYPE = YES_ERROR;
				GCC_WARN_UNDECLARED_SELECTOR = YES;
				GCC_WARN_UNINITIALIZED_AUTOS = YES_AGGRESSIVE;
				GCC_WARN_UNUSED_FUNCTION = YES;
				GCC_WARN_UNUSED_VARIABLE = YES;
				IPHONEOS_DEPLOYMENT_TARGET = 9.3;
				MTL_ENABLE_DEBUG_INFO = YES;
				ONLY_ACTIVE_ARCH = YES;
				SDKROOT = iphoneos;
				SWIFT_OPTIMIZATION_LEVEL = "-Onone";
			};
			name = Debug;
		};
		B39657311D6AF3390014E1B2 /* Release */ = {
			isa = XCBuildConfiguration;
			buildSettings = {
				ALWAYS_SEARCH_USER_PATHS = NO;
				CLANG_ANALYZER_NONNULL = YES;
				CLANG_CXX_LANGUAGE_STANDARD = "gnu++0x";
				CLANG_CXX_LIBRARY = "libc++";
				CLANG_ENABLE_MODULES = YES;
				CLANG_ENABLE_OBJC_ARC = YES;
				CLANG_WARN_BOOL_CONVERSION = YES;
				CLANG_WARN_CONSTANT_CONVERSION = YES;
				CLANG_WARN_DIRECT_OBJC_ISA_USAGE = YES_ERROR;
				CLANG_WARN_EMPTY_BODY = YES;
				CLANG_WARN_ENUM_CONVERSION = YES;
				CLANG_WARN_INT_CONVERSION = YES;
				CLANG_WARN_OBJC_ROOT_CLASS = YES_ERROR;
				CLANG_WARN_UNREACHABLE_CODE = YES;
				CLANG_WARN__DUPLICATE_METHOD_MATCH = YES;
				"CODE_SIGN_IDENTITY[sdk=iphoneos*]" = "iPhone Developer";
				COPY_PHASE_STRIP = NO;
				DEBUG_INFORMATION_FORMAT = "dwarf-with-dsym";
				ENABLE_NS_ASSERTIONS = NO;
				ENABLE_STRICT_OBJC_MSGSEND = YES;
				GCC_C_LANGUAGE_STANDARD = gnu99;
				GCC_NO_COMMON_BLOCKS = YES;
				GCC_WARN_64_TO_32_BIT_CONVERSION = YES;
				GCC_WARN_ABOUT_RETURN_TYPE = YES_ERROR;
				GCC_WARN_UNDECLARED_SELECTOR = YES;
				GCC_WARN_UNINITIALIZED_AUTOS = YES_AGGRESSIVE;
				GCC_WARN_UNUSED_FUNCTION = YES;
				GCC_WARN_UNUSED_VARIABLE = YES;
				IPHONEOS_DEPLOYMENT_TARGET = 9.3;
				MTL_ENABLE_DEBUG_INFO = NO;
				SDKROOT = iphoneos;
				VALIDATE_PRODUCT = YES;
			};
			name = Release;
		};
		B39657331D6AF3390014E1B2 /* Debug */ = {
			isa = XCBuildConfiguration;
			buildSettings = {
				ASSETCATALOG_COMPILER_APPICON_NAME = AppIcon;
				INFOPLIST_FILE = UniPagerHeaderController/Info.plist;
				LD_RUNPATH_SEARCH_PATHS = "$(inherited) @executable_path/Frameworks";
				PRODUCT_BUNDLE_IDENTIFIER = io.unigreen.agricola.UniPagerHeaderController;
				PRODUCT_NAME = "$(TARGET_NAME)";
				SWIFT_OBJC_BRIDGING_HEADER = "UniPagerHeaderController/swift-briding.h";
			};
			name = Debug;
		};
		B39657341D6AF3390014E1B2 /* Release */ = {
			isa = XCBuildConfiguration;
			buildSettings = {
				ASSETCATALOG_COMPILER_APPICON_NAME = AppIcon;
				INFOPLIST_FILE = UniPagerHeaderController/Info.plist;
				LD_RUNPATH_SEARCH_PATHS = "$(inherited) @executable_path/Frameworks";
				PRODUCT_BUNDLE_IDENTIFIER = io.unigreen.agricola.UniPagerHeaderController;
				PRODUCT_NAME = "$(TARGET_NAME)";
				SWIFT_OBJC_BRIDGING_HEADER = "UniPagerHeaderController/swift-briding.h";
			};
			name = Release;
		};
		B39657361D6AF3390014E1B2 /* Debug */ = {
			isa = XCBuildConfiguration;
			buildSettings = {
				BUNDLE_LOADER = "$(TEST_HOST)";
				INFOPLIST_FILE = UniPagerHeaderControllerTests/Info.plist;
				LD_RUNPATH_SEARCH_PATHS = "$(inherited) @executable_path/Frameworks @loader_path/Frameworks";
				PRODUCT_BUNDLE_IDENTIFIER = io.unigreen.agricola.UniPagerHeaderControllerTests;
				PRODUCT_NAME = "$(TARGET_NAME)";
				TEST_HOST = "$(BUILT_PRODUCTS_DIR)/UniPagerHeaderController.app/UniPagerHeaderController";
			};
			name = Debug;
		};
		B39657371D6AF3390014E1B2 /* Release */ = {
			isa = XCBuildConfiguration;
			buildSettings = {
				BUNDLE_LOADER = "$(TEST_HOST)";
				INFOPLIST_FILE = UniPagerHeaderControllerTests/Info.plist;
				LD_RUNPATH_SEARCH_PATHS = "$(inherited) @executable_path/Frameworks @loader_path/Frameworks";
				PRODUCT_BUNDLE_IDENTIFIER = io.unigreen.agricola.UniPagerHeaderControllerTests;
				PRODUCT_NAME = "$(TARGET_NAME)";
				TEST_HOST = "$(BUILT_PRODUCTS_DIR)/UniPagerHeaderController.app/UniPagerHeaderController";
			};
			name = Release;
		};
		B39657391D6AF3390014E1B2 /* Debug */ = {
			isa = XCBuildConfiguration;
			buildSettings = {
				INFOPLIST_FILE = UniPagerHeaderControllerUITests/Info.plist;
				LD_RUNPATH_SEARCH_PATHS = "$(inherited) @executable_path/Frameworks @loader_path/Frameworks";
				PRODUCT_BUNDLE_IDENTIFIER = io.unigreen.agricola.UniPagerHeaderControllerUITests;
				PRODUCT_NAME = "$(TARGET_NAME)";
				TEST_TARGET_NAME = UniPagerHeaderController;
			};
			name = Debug;
		};
		B396573A1D6AF3390014E1B2 /* Release */ = {
			isa = XCBuildConfiguration;
			buildSettings = {
				INFOPLIST_FILE = UniPagerHeaderControllerUITests/Info.plist;
				LD_RUNPATH_SEARCH_PATHS = "$(inherited) @executable_path/Frameworks @loader_path/Frameworks";
				PRODUCT_BUNDLE_IDENTIFIER = io.unigreen.agricola.UniPagerHeaderControllerUITests;
				PRODUCT_NAME = "$(TARGET_NAME)";
				TEST_TARGET_NAME = UniPagerHeaderController;
			};
			name = Release;
		};
/* End XCBuildConfiguration section */

/* Begin XCConfigurationList section */
		B39657051D6AF3390014E1B2 /* Build configuration list for PBXProject "UniPagerHeaderController" */ = {
			isa = XCConfigurationList;
			buildConfigurations = (
				B39657301D6AF3390014E1B2 /* Debug */,
				B39657311D6AF3390014E1B2 /* Release */,
			);
			defaultConfigurationIsVisible = 0;
			defaultConfigurationName = Release;
		};
		B39657321D6AF3390014E1B2 /* Build configuration list for PBXNativeTarget "UniPagerHeaderController" */ = {
			isa = XCConfigurationList;
			buildConfigurations = (
				B39657331D6AF3390014E1B2 /* Debug */,
				B39657341D6AF3390014E1B2 /* Release */,
			);
			defaultConfigurationIsVisible = 0;
		};
		B39657351D6AF3390014E1B2 /* Build configuration list for PBXNativeTarget "UniPagerHeaderControllerTests" */ = {
			isa = XCConfigurationList;
			buildConfigurations = (
				B39657361D6AF3390014E1B2 /* Debug */,
				B39657371D6AF3390014E1B2 /* Release */,
			);
			defaultConfigurationIsVisible = 0;
		};
		B39657381D6AF3390014E1B2 /* Build configuration list for PBXNativeTarget "UniPagerHeaderControllerUITests" */ = {
			isa = XCConfigurationList;
			buildConfigurations = (
				B39657391D6AF3390014E1B2 /* Debug */,
				B396573A1D6AF3390014E1B2 /* Release */,
			);
			defaultConfigurationIsVisible = 0;
		};
/* End XCConfigurationList section */
	};
	rootObject = B39657021D6AF3390014E1B2 /* Project object */;
}
